
Microsoft Visual Studio Solution File, Format Version 12.00
# Visual Studio 15
VisualStudioVersion = 15.0.27130.2027
MinimumVisualStudioVersion = 10.0.40219.1
Project("{2150E333-8FDC-42A3-9474-1A3956D46DE8}") = "source", "source", "{B5CC7658-E603-4A7D-A514-DCA5B451F1A8}"
EndProject
Project("{FAE04EC0-301F-11D3-BF4B-00C04F79EFBC}") = "HolisticWare.Core.Math.SetTheory", "..\source\HolisticWare.Core.Math.SetTheory\HolisticWare.Core.Math.SetTheory.csproj", "{AD47816E-065A-4162-B290-2C9E7CA25C40}"
EndProject
Project("{FAE04EC0-301F-11D3-BF4B-00C04F79EFBC}") = "UnitTests", "UnitTests\UnitTests.csproj", "{901332E7-4F73-48CF-BE15-7156FE09F04F}"
EndProject
Global
	GlobalSection(SolutionConfigurationPlatforms) = preSolution
		Debug|Any CPU = Debug|Any CPU
		Release|Any CPU = Release|Any CPU
	EndGlobalSection
	GlobalSection(ProjectConfigurationPlatforms) = postSolution
		{AD47816E-065A-4162-B290-2C9E7CA25C40}.Debug|Any CPU.ActiveCfg = Debug|Any CPU
		{AD47816E-065A-4162-B290-2C9E7CA25C40}.Debug|Any CPU.Build.0 = Debug|Any CPU
		{AD47816E-065A-4162-B290-2C9E7CA25C40}.Release|Any CPU.ActiveCfg = Release|Any CPU
		{AD47816E-065A-4162-B290-2C9E7CA25C40}.Release|Any CPU.Build.0 = Release|Any CPU
		{901332E7-4F73-48CF-BE15-7156FE09F04F}.Debug|Any CPU.ActiveCfg = Debug|Any CPU
		{901332E7-4F73-48CF-BE15-7156FE09F04F}.Debug|Any CPU.Build.0 = Debug|Any CPU
		{901332E7-4F73-48CF-BE15-7156FE09F04F}.Release|Any CPU.ActiveCfg = Release|Any CPU
		{901332E7-4F73-48CF-BE15-7156FE09F04F}.Release|Any CPU.Build.0 = Release|Any CPU
	EndGlobalSection
	GlobalSection(NestedProjects) = preSolution
		{AD47816E-065A-4162-B290-2C9E7CA25C40} = {B5CC7658-E603-4A7D-A514-DCA5B451F1A8}
	EndGlobalSection
EndGlobal
